
Microsoft Visual Studio Solution File, Format Version 12.00
# Visual Studio Version 16
VisualStudioVersion = 16.0.31005.135
MinimumVisualStudioVersion = 10.0.40219.1
Project("{9A19103F-16F7-4668-BE54-9A1E7A4F7556}") = "NugetVersion", "NugetVersion\NugetVersion.csproj", "{8D7CAB30-F4E8-4306-BDC6-678734125216}"
EndProject
Project("{FAE04EC0-301F-11D3-BF4B-00C04F79EFBC}") = "NugetVersion.Tests", "NugetVersion.Tests\NugetVersion.Tests.csproj", "{49A21283-50E7-4670-9A95-5FEA75B792D6}"
EndProject
Global
	GlobalSection(SolutionConfigurationPlatforms) = preSolution
		Debug|Any CPU = Debug|Any CPU
		Release|Any CPU = Release|Any CPU
	EndGlobalSection
	GlobalSection(ProjectConfigurationPlatforms) = postSolution
		{8D7CAB30-F4E8-4306-BDC6-678734125216}.Debug|Any CPU.ActiveCfg = Debug|Any CPU
		{8D7CAB30-F4E8-4306-BDC6-678734125216}.Debug|Any CPU.Build.0 = Debug|Any CPU
		{8D7CAB30-F4E8-4306-BDC6-678734125216}.Release|Any CPU.ActiveCfg = Release|Any CPU
		{8D7CAB30-F4E8-4306-BDC6-678734125216}.Release|Any CPU.Build.0 = Release|Any CPU
		{49A21283-50E7-4670-9A95-5FEA75B792D6}.Debug|Any CPU.ActiveCfg = Debug|Any CPU
		{49A21283-50E7-4670-9A95-5FEA75B792D6}.Debug|Any CPU.Build.0 = Debug|Any CPU
		{49A21283-50E7-4670-9A95-5FEA75B792D6}.Release|Any CPU.ActiveCfg = Release|Any CPU
		{49A21283-50E7-4670-9A95-5FEA75B792D6}.Release|Any CPU.Build.0 = Release|Any CPU
	EndGlobalSection
	GlobalSection(SolutionProperties) = preSolution
		HideSolutionNode = FALSE
	EndGlobalSection
	GlobalSection(ExtensibilityGlobals) = postSolution
		SolutionGuid = {893B79E6-F93C-4A42-B6C2-E3419B9A2F04}
	EndGlobalSection
EndGlobal
